
Microsoft Visual Studio Solution File, Format Version 12.00
# Visual Studio Version 17
VisualStudioVersion = 17.0.31912.275
MinimumVisualStudioVersion = 10.0.40219.1
Project("{9A19103F-16F7-4668-BE54-9A1E7A4F7556}") = "RunSynopsis.Domain", "Domain\RunSynopsis.Domain.csproj", "{06EBCBB6-9789-442A-BD6D-3E688181B73C}"
EndProject
Project("{9A19103F-16F7-4668-BE54-9A1E7A4F7556}") = "RunSynopsis.Server", "Server\RunSynopsis.Server.csproj", "{5B184EAC-B123-409C-AABB-0134922E3F4B}"
EndProject
Project("{E53339B2-1760-4266-BCC7-CA923CBCF16C}") = "docker-compose", "docker-compose.dcproj", "{CAF8AFD7-4BBE-4C96-AEC2-815004A14718}"
EndProject
Project("{2150E333-8FDC-42A3-9474-1A3956D46DE8}") = "Solution Items", "Solution Items", "{2C422287-6C0C-42D9-8912-F04876EB0EF5}"
	ProjectSection(SolutionItems) = preProject
		.editorconfig = .editorconfig
		..\CodeAnalysis.ruleset = ..\CodeAnalysis.ruleset
	EndProjectSection
EndProject
Project("{9A19103F-16F7-4668-BE54-9A1E7A4F7556}") = "RunSynopsis.Application", "Application\RunSynopsis.Application.csproj", "{7D1D594B-E398-4AE9-B327-8F7EF2EA208A}"
EndProject
Global
	GlobalSection(SolutionConfigurationPlatforms) = preSolution
		Debug|Any CPU = Debug|Any CPU
		Release|Any CPU = Release|Any CPU
	EndGlobalSection
	GlobalSection(ProjectConfigurationPlatforms) = postSolution
		{06EBCBB6-9789-442A-BD6D-3E688181B73C}.Debug|Any CPU.ActiveCfg = Debug|Any CPU
		{06EBCBB6-9789-442A-BD6D-3E688181B73C}.Debug|Any CPU.Build.0 = Debug|Any CPU
		{06EBCBB6-9789-442A-BD6D-3E688181B73C}.Release|Any CPU.ActiveCfg = Release|Any CPU
		{06EBCBB6-9789-442A-BD6D-3E688181B73C}.Release|Any CPU.Build.0 = Release|Any CPU
		{5B184EAC-B123-409C-AABB-0134922E3F4B}.Debug|Any CPU.ActiveCfg = Debug|Any CPU
		{5B184EAC-B123-409C-AABB-0134922E3F4B}.Debug|Any CPU.Build.0 = Debug|Any CPU
		{5B184EAC-B123-409C-AABB-0134922E3F4B}.Release|Any CPU.ActiveCfg = Release|Any CPU
		{5B184EAC-B123-409C-AABB-0134922E3F4B}.Release|Any CPU.Build.0 = Release|Any CPU
		{CAF8AFD7-4BBE-4C96-AEC2-815004A14718}.Debug|Any CPU.ActiveCfg = Debug|Any CPU
		{CAF8AFD7-4BBE-4C96-AEC2-815004A14718}.Debug|Any CPU.Build.0 = Debug|Any CPU
		{CAF8AFD7-4BBE-4C96-AEC2-815004A14718}.Release|Any CPU.ActiveCfg = Release|Any CPU
		{CAF8AFD7-4BBE-4C96-AEC2-815004A14718}.Release|Any CPU.Build.0 = Release|Any CPU
		{7D1D594B-E398-4AE9-B327-8F7EF2EA208A}.Debug|Any CPU.ActiveCfg = Debug|Any CPU
		{7D1D594B-E398-4AE9-B327-8F7EF2EA208A}.Debug|Any CPU.Build.0 = Debug|Any CPU
		{7D1D594B-E398-4AE9-B327-8F7EF2EA208A}.Release|Any CPU.ActiveCfg = Release|Any CPU
		{7D1D594B-E398-4AE9-B327-8F7EF2EA208A}.Release|Any CPU.Build.0 = Release|Any CPU
	EndGlobalSection
	GlobalSection(SolutionProperties) = preSolution
		HideSolutionNode = FALSE
	EndGlobalSection
	GlobalSection(ExtensibilityGlobals) = postSolution
		SolutionGuid = {1416A965-F9EA-4B9A-BF3B-B85743E1878E}
	EndGlobalSection
EndGlobal
