
Microsoft Visual Studio Solution File, Format Version 12.00
# Visual Studio Version 17
VisualStudioVersion = 17.2.32422.2
MinimumVisualStudioVersion = 10.0.40219.1
Project("{2150E333-8FDC-42A3-9474-1A3956D46DE8}") = "Solution Items", "Solution Items", "{28B8DDF1-1927-454D-AEE4-9B5FBF13D68B}"
	ProjectSection(SolutionItems) = preProject
		..\..\CodeAnalysis.ruleset = ..\..\CodeAnalysis.ruleset
		..\..\Directory.Build.props = ..\..\Directory.Build.props
	EndProjectSection
EndProject
Project("{9A19103F-16F7-4668-BE54-9A1E7A4F7556}") = "RunSynopsis.Common", "RunSynopsis.Common.csproj", "{7E2845F0-9179-4E3E-B4F7-0B2D1467BBD9}"
EndProject
Global
	GlobalSection(SolutionConfigurationPlatforms) = preSolution
		Debug|Any CPU = Debug|Any CPU
		Release|Any CPU = Release|Any CPU
	EndGlobalSection
	GlobalSection(ProjectConfigurationPlatforms) = postSolution
		{7E2845F0-9179-4E3E-B4F7-0B2D1467BBD9}.Debug|Any CPU.ActiveCfg = Debug|Any CPU
		{7E2845F0-9179-4E3E-B4F7-0B2D1467BBD9}.Debug|Any CPU.Build.0 = Debug|Any CPU
		{7E2845F0-9179-4E3E-B4F7-0B2D1467BBD9}.Release|Any CPU.ActiveCfg = Release|Any CPU
		{7E2845F0-9179-4E3E-B4F7-0B2D1467BBD9}.Release|Any CPU.Build.0 = Release|Any CPU
	EndGlobalSection
	GlobalSection(SolutionProperties) = preSolution
		HideSolutionNode = FALSE
	EndGlobalSection
	GlobalSection(ExtensibilityGlobals) = postSolution
		SolutionGuid = {31B3BA24-6F78-4EB3-8294-3F16E21287F1}
	EndGlobalSection
EndGlobal
